
Microsoft Visual Studio Solution File, Format Version 12.00
# Visual Studio Version 17
VisualStudioVersion = 17.14.36414.22
MinimumVisualStudioVersion = 10.0.40219.1
Project("{FAE04EC0-301F-11D3-BF4B-00C04F79EFBC}") = "UI.NumerosAleatorios", "UI.NumerosAleatorios\UI.NumerosAleatorios.csproj", "{A2F3487E-3E29-4AD8-B1F6-D19253EE5D14}"
EndProject
Project("{FAE04EC0-301F-11D3-BF4B-00C04F79EFBC}") = "FuncionesLambda", "FuncionesLambda\FuncionesLambda.csproj", "{45A52A4E-4B06-4E15-8EBD-834923F5542E}"
EndProject
Project("{FAE04EC0-301F-11D3-BF4B-00C04F79EFBC}") = "ComplejidadAlgoritmos", "ComplejidadAlgoritmos\ComplejidadAlgoritmos.csproj", "{2482484E-9777-49C7-B3C3-557B861A3490}"
EndProject
Global
	GlobalSection(SolutionConfigurationPlatforms) = preSolution
		Debug|Any CPU = Debug|Any CPU
		Release|Any CPU = Release|Any CPU
	EndGlobalSection
	GlobalSection(ProjectConfigurationPlatforms) = postSolution
		{A2F3487E-3E29-4AD8-B1F6-D19253EE5D14}.Debug|Any CPU.ActiveCfg = Debug|Any CPU
		{A2F3487E-3E29-4AD8-B1F6-D19253EE5D14}.Debug|Any CPU.Build.0 = Debug|Any CPU
		{A2F3487E-3E29-4AD8-B1F6-D19253EE5D14}.Release|Any CPU.ActiveCfg = Release|Any CPU
		{A2F3487E-3E29-4AD8-B1F6-D19253EE5D14}.Release|Any CPU.Build.0 = Release|Any CPU
		{45A52A4E-4B06-4E15-8EBD-834923F5542E}.Debug|Any CPU.ActiveCfg = Debug|Any CPU
		{45A52A4E-4B06-4E15-8EBD-834923F5542E}.Debug|Any CPU.Build.0 = Debug|Any CPU
		{45A52A4E-4B06-4E15-8EBD-834923F5542E}.Release|Any CPU.ActiveCfg = Release|Any CPU
		{45A52A4E-4B06-4E15-8EBD-834923F5542E}.Release|Any CPU.Build.0 = Release|Any CPU
		{2482484E-9777-49C7-B3C3-557B861A3490}.Debug|Any CPU.ActiveCfg = Debug|Any CPU
		{2482484E-9777-49C7-B3C3-557B861A3490}.Debug|Any CPU.Build.0 = Debug|Any CPU
		{2482484E-9777-49C7-B3C3-557B861A3490}.Release|Any CPU.ActiveCfg = Release|Any CPU
		{2482484E-9777-49C7-B3C3-557B861A3490}.Release|Any CPU.Build.0 = Release|Any CPU
	EndGlobalSection
	GlobalSection(SolutionProperties) = preSolution
		HideSolutionNode = FALSE
	EndGlobalSection
	GlobalSection(ExtensibilityGlobals) = postSolution
		SolutionGuid = {6F8F4411-4811-4871-A184-5002905BFEBF}
	EndGlobalSection
EndGlobal
